// !$*UTF8*$!
{
	archiveVersion = 1;
	classes = {
	};
	objectVersion = 50;
	objects = {

/* Begin PBXBuildFile section */
		0A42A56120DE438600CC382A /* MoneyTests.swift in Sources */ = {isa = PBXBuildFile; fileRef = 0A42A56020DE438600CC382A /* MoneyTests.swift */; };
		0A42A56320DE479F00CC382A /* Bank.swift in Sources */ = {isa = PBXBuildFile; fileRef = 0A42A56220DE479F00CC382A /* Bank.swift */; };
		0A42A56420DE479F00CC382A /* Bank.swift in Sources */ = {isa = PBXBuildFile; fileRef = 0A42A56220DE479F00CC382A /* Bank.swift */; };
		0A42A56620DE497200CC382A /* Sum.swift in Sources */ = {isa = PBXBuildFile; fileRef = 0A42A56520DE497200CC382A /* Sum.swift */; };
		0A42A56720DE497200CC382A /* Sum.swift in Sources */ = {isa = PBXBuildFile; fileRef = 0A42A56520DE497200CC382A /* Sum.swift */; };
		0AF6CE4220DCC7C100A2DBA8 /* main.swift in Sources */ = {isa = PBXBuildFile; fileRef = 0AF6CE4120DCC7C100A2DBA8 /* main.swift */; };
		0AF6CE5520DCC93900A2DBA8 /* Dollar.swift in Sources */ = {isa = PBXBuildFile; fileRef = 0AF6CE5420DCC93900A2DBA8 /* Dollar.swift */; };
		0AF6CE5820DCC96C00A2DBA8 /* DollarTests.swift in Sources */ = {isa = PBXBuildFile; fileRef = 0AF6CE5720DCC96C00A2DBA8 /* DollarTests.swift */; };
		0AF6CE5920DCCA1D00A2DBA8 /* Dollar.swift in Sources */ = {isa = PBXBuildFile; fileRef = 0AF6CE5420DCC93900A2DBA8 /* Dollar.swift */; };
		0AF6CE5B20DCD7B400A2DBA8 /* Franc.swift in Sources */ = {isa = PBXBuildFile; fileRef = 0AF6CE5A20DCD7B400A2DBA8 /* Franc.swift */; };
		0AF6CE5C20DCD7B400A2DBA8 /* Franc.swift in Sources */ = {isa = PBXBuildFile; fileRef = 0AF6CE5A20DCD7B400A2DBA8 /* Franc.swift */; };
		0AF6CE5E20DCD8F200A2DBA8 /* FrancTests.swift in Sources */ = {isa = PBXBuildFile; fileRef = 0AF6CE5D20DCD8F200A2DBA8 /* FrancTests.swift */; };
		0AF6CE6020DCD9B600A2DBA8 /* Money.swift in Sources */ = {isa = PBXBuildFile; fileRef = 0AF6CE5F20DCD9B600A2DBA8 /* Money.swift */; };
		0AF6CE6120DCD9B600A2DBA8 /* Money.swift in Sources */ = {isa = PBXBuildFile; fileRef = 0AF6CE5F20DCD9B600A2DBA8 /* Money.swift */; };
/* End PBXBuildFile section */

/* Begin PBXCopyFilesBuildPhase section */
		0AF6CE3C20DCC7C100A2DBA8 /* CopyFiles */ = {
			isa = PBXCopyFilesBuildPhase;
			buildActionMask = 2147483647;
			dstPath = /usr/share/man/man1/;
			dstSubfolderSpec = 0;
			files = (
			);
			runOnlyForDeploymentPostprocessing = 1;
		};
/* End PBXCopyFilesBuildPhase section */

/* Begin PBXFileReference section */
		0A42A56020DE438600CC382A /* MoneyTests.swift */ = {isa = PBXFileReference; lastKnownFileType = sourcecode.swift; path = MoneyTests.swift; sourceTree = "<group>"; };
		0A42A56220DE479F00CC382A /* Bank.swift */ = {isa = PBXFileReference; lastKnownFileType = sourcecode.swift; path = Bank.swift; sourceTree = "<group>"; };
		0A42A56520DE497200CC382A /* Sum.swift */ = {isa = PBXFileReference; lastKnownFileType = sourcecode.swift; path = Sum.swift; sourceTree = "<group>"; };
		0AF6CE3E20DCC7C100A2DBA8 /* TDDByExample */ = {isa = PBXFileReference; explicitFileType = "compiled.mach-o.executable"; includeInIndex = 0; path = TDDByExample; sourceTree = BUILT_PRODUCTS_DIR; };
		0AF6CE4120DCC7C100A2DBA8 /* main.swift */ = {isa = PBXFileReference; lastKnownFileType = sourcecode.swift; path = main.swift; sourceTree = "<group>"; };
		0AF6CE4C20DCC92D00A2DBA8 /* TDDByExampleUnitTests.xctest */ = {isa = PBXFileReference; explicitFileType = wrapper.cfbundle; includeInIndex = 0; path = TDDByExampleUnitTests.xctest; sourceTree = BUILT_PRODUCTS_DIR; };
		0AF6CE5020DCC92D00A2DBA8 /* Info.plist */ = {isa = PBXFileReference; lastKnownFileType = text.plist.xml; path = Info.plist; sourceTree = "<group>"; };
		0AF6CE5420DCC93900A2DBA8 /* Dollar.swift */ = {isa = PBXFileReference; lastKnownFileType = sourcecode.swift; path = Dollar.swift; sourceTree = "<group>"; };
		0AF6CE5720DCC96C00A2DBA8 /* DollarTests.swift */ = {isa = PBXFileReference; lastKnownFileType = sourcecode.swift; path = DollarTests.swift; sourceTree = "<group>"; };
		0AF6CE5A20DCD7B400A2DBA8 /* Franc.swift */ = {isa = PBXFileReference; lastKnownFileType = sourcecode.swift; path = Franc.swift; sourceTree = "<group>"; };
		0AF6CE5D20DCD8F200A2DBA8 /* FrancTests.swift */ = {isa = PBXFileReference; lastKnownFileType = sourcecode.swift; path = FrancTests.swift; sourceTree = "<group>"; };
		0AF6CE5F20DCD9B600A2DBA8 /* Money.swift */ = {isa = PBXFileReference; lastKnownFileType = sourcecode.swift; path = Money.swift; sourceTree = "<group>"; };
/* End PBXFileReference section */

/* Begin PBXFrameworksBuildPhase section */
		0AF6CE3B20DCC7C100A2DBA8 /* Frameworks */ = {
			isa = PBXFrameworksBuildPhase;
			buildActionMask = 2147483647;
			files = (
			);
			runOnlyForDeploymentPostprocessing = 0;
		};
		0AF6CE4920DCC92D00A2DBA8 /* Frameworks */ = {
			isa = PBXFrameworksBuildPhase;
			buildActionMask = 2147483647;
			files = (
			);
			runOnlyForDeploymentPostprocessing = 0;
		};
/* End PBXFrameworksBuildPhase section */

/* Begin PBXGroup section */
		0AF6CE3520DCC7C100A2DBA8 = {
			isa = PBXGroup;
			children = (
				0AF6CE4020DCC7C100A2DBA8 /* TDDByExample */,
				0AF6CE4D20DCC92D00A2DBA8 /* TDDByExampleUnitTests */,
				0AF6CE3F20DCC7C100A2DBA8 /* Products */,
			);
			sourceTree = "<group>";
		};
		0AF6CE3F20DCC7C100A2DBA8 /* Products */ = {
			isa = PBXGroup;
			children = (
				0AF6CE3E20DCC7C100A2DBA8 /* TDDByExample */,
				0AF6CE4C20DCC92D00A2DBA8 /* TDDByExampleUnitTests.xctest */,
			);
			name = Products;
			sourceTree = "<group>";
		};
		0AF6CE4020DCC7C100A2DBA8 /* TDDByExample */ = {
			isa = PBXGroup;
			children = (
				0AF6CE5420DCC93900A2DBA8 /* Dollar.swift */,
				0AF6CE5A20DCD7B400A2DBA8 /* Franc.swift */,
				0AF6CE4120DCC7C100A2DBA8 /* main.swift */,
				0AF6CE5F20DCD9B600A2DBA8 /* Money.swift */,
				0A42A56220DE479F00CC382A /* Bank.swift */,
				0A42A56520DE497200CC382A /* Sum.swift */,
			);
			path = TDDByExample;
			sourceTree = "<group>";
		};
		0AF6CE4D20DCC92D00A2DBA8 /* TDDByExampleUnitTests */ = {
			isa = PBXGroup;
			children = (
				0AF6CE5020DCC92D00A2DBA8 /* Info.plist */,
				0AF6CE5720DCC96C00A2DBA8 /* DollarTests.swift */,
				0AF6CE5D20DCD8F200A2DBA8 /* FrancTests.swift */,
				0A42A56020DE438600CC382A /* MoneyTests.swift */,
			);
			path = TDDByExampleUnitTests;
			sourceTree = "<group>";
		};
/* End PBXGroup section */

/* Begin PBXNativeTarget section */
		0AF6CE3D20DCC7C100A2DBA8 /* TDDByExample */ = {
			isa = PBXNativeTarget;
			buildConfigurationList = 0AF6CE4520DCC7C100A2DBA8 /* Build configuration list for PBXNativeTarget "TDDByExample" */;
			buildPhases = (
				0AF6CE3A20DCC7C100A2DBA8 /* Sources */,
				0AF6CE3B20DCC7C100A2DBA8 /* Frameworks */,
				0AF6CE3C20DCC7C100A2DBA8 /* CopyFiles */,
			);
			buildRules = (
			);
			dependencies = (
			);
			name = TDDByExample;
			productName = TDDByExample;
			productReference = 0AF6CE3E20DCC7C100A2DBA8 /* TDDByExample */;
			productType = "com.apple.product-type.tool";
		};
		0AF6CE4B20DCC92D00A2DBA8 /* TDDByExampleUnitTests */ = {
			isa = PBXNativeTarget;
			buildConfigurationList = 0AF6CE5120DCC92D00A2DBA8 /* Build configuration list for PBXNativeTarget "TDDByExampleUnitTests" */;
			buildPhases = (
				0AF6CE4820DCC92D00A2DBA8 /* Sources */,
				0AF6CE4920DCC92D00A2DBA8 /* Frameworks */,
				0AF6CE4A20DCC92D00A2DBA8 /* Resources */,
			);
			buildRules = (
			);
			dependencies = (
			);
			name = TDDByExampleUnitTests;
			productName = TDDByExampleUnitTests;
			productReference = 0AF6CE4C20DCC92D00A2DBA8 /* TDDByExampleUnitTests.xctest */;
			productType = "com.apple.product-type.bundle.unit-test";
		};
/* End PBXNativeTarget section */

/* Begin PBXProject section */
		0AF6CE3620DCC7C100A2DBA8 /* Project object */ = {
			isa = PBXProject;
			attributes = {
				LastSwiftUpdateCheck = 0940;
				LastUpgradeCheck = 0940;
				ORGANIZATIONNAME = Zeekx;
				TargetAttributes = {
					0AF6CE3D20DCC7C100A2DBA8 = {
						CreatedOnToolsVersion = 9.4.1;
					};
					0AF6CE4B20DCC92D00A2DBA8 = {
						CreatedOnToolsVersion = 9.4.1;
					};
				};
			};
			buildConfigurationList = 0AF6CE3920DCC7C100A2DBA8 /* Build configuration list for PBXProject "TDDByExample" */;
			compatibilityVersion = "Xcode 9.3";
			developmentRegion = en;
			hasScannedForEncodings = 0;
			knownRegions = (
				en,
			);
			mainGroup = 0AF6CE3520DCC7C100A2DBA8;
			productRefGroup = 0AF6CE3F20DCC7C100A2DBA8 /* Products */;
			projectDirPath = "";
			projectRoot = "";
			targets = (
				0AF6CE3D20DCC7C100A2DBA8 /* TDDByExample */,
				0AF6CE4B20DCC92D00A2DBA8 /* TDDByExampleUnitTests */,
			);
		};
/* End PBXProject section */

/* Begin PBXResourcesBuildPhase section */
		0AF6CE4A20DCC92D00A2DBA8 /* Resources */ = {
			isa = PBXResourcesBuildPhase;
			buildActionMask = 2147483647;
			files = (
			);
			runOnlyForDeploymentPostprocessing = 0;
		};
/* End PBXResourcesBuildPhase section */

/* Begin PBXSourcesBuildPhase section */
		0AF6CE3A20DCC7C100A2DBA8 /* Sources */ = {
			isa = PBXSourcesBuildPhase;
			buildActionMask = 2147483647;
			files = (
				0AF6CE5B20DCD7B400A2DBA8 /* Franc.swift in Sources */,
				0AF6CE4220DCC7C100A2DBA8 /* main.swift in Sources */,
				0A42A56320DE479F00CC382A /* Bank.swift in Sources */,
				0AF6CE6020DCD9B600A2DBA8 /* Money.swift in Sources */,
				0AF6CE5520DCC93900A2DBA8 /* Dollar.swift in Sources */,
				0A42A56620DE497200CC382A /* Sum.swift in Sources */,
			);
			runOnlyForDeploymentPostprocessing = 0;
		};
		0AF6CE4820DCC92D00A2DBA8 /* Sources */ = {
			isa = PBXSourcesBuildPhase;
			buildActionMask = 2147483647;
			files = (
				0AF6CE6120DCD9B600A2DBA8 /* Money.swift in Sources */,
				0A42A56720DE497200CC382A /* Sum.swift in Sources */,
				0AF6CE5C20DCD7B400A2DBA8 /* Franc.swift in Sources */,
				0A42A56120DE438600CC382A /* MoneyTests.swift in Sources */,
				0AF6CE5E20DCD8F200A2DBA8 /* FrancTests.swift in Sources */,
				0AF6CE5920DCCA1D00A2DBA8 /* Dollar.swift in Sources */,
				0AF6CE5820DCC96C00A2DBA8 /* DollarTests.swift in Sources */,
				0A42A56420DE479F00CC382A /* Bank.swift in Sources */,
			);
			runOnlyForDeploymentPostprocessing = 0;
		};
/* End PBXSourcesBuildPhase section */

/* Begin XCBuildConfiguration section */
		0AF6CE4320DCC7C100A2DBA8 /* Debug */ = {
			isa = XCBuildConfiguration;
			buildSettings = {
				ALWAYS_SEARCH_USER_PATHS = NO;
				CLANG_ANALYZER_NONNULL = YES;
				CLANG_ANALYZER_NUMBER_OBJECT_CONVERSION = YES_AGGRESSIVE;
				CLANG_CXX_LANGUAGE_STANDARD = "gnu++14";
				CLANG_CXX_LIBRARY = "libc++";
				CLANG_ENABLE_MODULES = YES;
				CLANG_ENABLE_OBJC_ARC = YES;
				CLANG_ENABLE_OBJC_WEAK = YES;
				CLANG_WARN_BLOCK_CAPTURE_AUTORELEASING = YES;
				CLANG_WARN_BOOL_CONVERSION = YES;
				CLANG_WARN_COMMA = YES;
				CLANG_WARN_CONSTANT_CONVERSION = YES;
				CLANG_WARN_DEPRECATED_OBJC_IMPLEMENTATIONS = YES;
				CLANG_WARN_DIRECT_OBJC_ISA_USAGE = YES_ERROR;
				CLANG_WARN_DOCUMENTATION_COMMENTS = YES;
				CLANG_WARN_EMPTY_BODY = YES;
				CLANG_WARN_ENUM_CONVERSION = YES;
				CLANG_WARN_INFINITE_RECURSION = YES;
				CLANG_WARN_INT_CONVERSION = YES;
				CLANG_WARN_NON_LITERAL_NULL_CONVERSION = YES;
				CLANG_WARN_OBJC_IMPLICIT_RETAIN_SELF = YES;
				CLANG_WARN_OBJC_LITERAL_CONVERSION = YES;
				CLANG_WARN_OBJC_ROOT_CLASS = YES_ERROR;
				CLANG_WARN_RANGE_LOOP_ANALYSIS = YES;
				CLANG_WARN_STRICT_PROTOTYPES = YES;
				CLANG_WARN_SUSPICIOUS_MOVE = YES;
				CLANG_WARN_UNGUARDED_AVAILABILITY = YES_AGGRESSIVE;
				CLANG_WARN_UNREACHABLE_CODE = YES;
				CLANG_WARN__DUPLICATE_METHOD_MATCH = YES;
				CODE_SIGN_IDENTITY = "-";
				COPY_PHASE_STRIP = NO;
				DEBUG_INFORMATION_FORMAT = dwarf;
				ENABLE_STRICT_OBJC_MSGSEND = YES;
				ENABLE_TESTABILITY = YES;
				GCC_C_LANGUAGE_STANDARD = gnu11;
				GCC_DYNAMIC_NO_PIC = NO;
				GCC_NO_COMMON_BLOCKS = YES;
				GCC_OPTIMIZATION_LEVEL = 0;
				GCC_PREPROCESSOR_DEFINITIONS = (
					"DEBUG=1",
					"$(inherited)",
				);
				GCC_WARN_64_TO_32_BIT_CONVERSION = YES;
				GCC_WARN_ABOUT_RETURN_TYPE = YES_ERROR;
				GCC_WARN_UNDECLARED_SELECTOR = YES;
				GCC_WARN_UNINITIALIZED_AUTOS = YES_AGGRESSIVE;
				GCC_WARN_UNUSED_FUNCTION = YES;
				GCC_WARN_UNUSED_VARIABLE = YES;
				MACOSX_DEPLOYMENT_TARGET = 10.13;
				MTL_ENABLE_DEBUG_INFO = YES;
				ONLY_ACTIVE_ARCH = YES;
				SDKROOT = macosx;
				SWIFT_ACTIVE_COMPILATION_CONDITIONS = DEBUG;
				SWIFT_OPTIMIZATION_LEVEL = "-Onone";
			};
			name = Debug;
		};
		0AF6CE4420DCC7C100A2DBA8 /* Release */ = {
			isa = XCBuildConfiguration;
			buildSettings = {
				ALWAYS_SEARCH_USER_PATHS = NO;
				CLANG_ANALYZER_NONNULL = YES;
				CLANG_ANALYZER_NUMBER_OBJECT_CONVERSION = YES_AGGRESSIVE;
				CLANG_CXX_LANGUAGE_STANDARD = "gnu++14";
				CLANG_CXX_LIBRARY = "libc++";
				CLANG_ENABLE_MODULES = YES;
				CLANG_ENABLE_OBJC_ARC = YES;
				CLANG_ENABLE_OBJC_WEAK = YES;
				CLANG_WARN_BLOCK_CAPTURE_AUTORELEASING = YES;
				CLANG_WARN_BOOL_CONVERSION = YES;
				CLANG_WARN_COMMA = YES;
				CLANG_WARN_CONSTANT_CONVERSION = YES;
				CLANG_WARN_DEPRECATED_OBJC_IMPLEMENTATIONS = YES;
				CLANG_WARN_DIRECT_OBJC_ISA_USAGE = YES_ERROR;
				CLANG_WARN_DOCUMENTATION_COMMENTS = YES;
				CLANG_WARN_EMPTY_BODY = YES;
				CLANG_WARN_ENUM_CONVERSION = YES;
				CLANG_WARN_INFINITE_RECURSION = YES;
				CLANG_WARN_INT_CONVERSION = YES;
				CLANG_WARN_NON_LITERAL_NULL_CONVERSION = YES;
				CLANG_WARN_OBJC_IMPLICIT_RETAIN_SELF = YES;
				CLANG_WARN_OBJC_LITERAL_CONVERSION = YES;
				CLANG_WARN_OBJC_ROOT_CLASS = YES_ERROR;
				CLANG_WARN_RANGE_LOOP_ANALYSIS = YES;
				CLANG_WARN_STRICT_PROTOTYPES = YES;
				CLANG_WARN_SUSPICIOUS_MOVE = YES;
				CLANG_WARN_UNGUARDED_AVAILABILITY = YES_AGGRESSIVE;
				CLANG_WARN_UNREACHABLE_CODE = YES;
				CLANG_WARN__DUPLICATE_METHOD_MATCH = YES;
				CODE_SIGN_IDENTITY = "-";
				COPY_PHASE_STRIP = NO;
				DEBUG_INFORMATION_FORMAT = "dwarf-with-dsym";
				ENABLE_NS_ASSERTIONS = NO;
				ENABLE_STRICT_OBJC_MSGSEND = YES;
				GCC_C_LANGUAGE_STANDARD = gnu11;
				GCC_NO_COMMON_BLOCKS = YES;
				GCC_WARN_64_TO_32_BIT_CONVERSION = YES;
				GCC_WARN_ABOUT_RETURN_TYPE = YES_ERROR;
				GCC_WARN_UNDECLARED_SELECTOR = YES;
				GCC_WARN_UNINITIALIZED_AUTOS = YES_AGGRESSIVE;
				GCC_WARN_UNUSED_FUNCTION = YES;
				GCC_WARN_UNUSED_VARIABLE = YES;
				MACOSX_DEPLOYMENT_TARGET = 10.13;
				MTL_ENABLE_DEBUG_INFO = NO;
				SDKROOT = macosx;
				SWIFT_COMPILATION_MODE = wholemodule;
				SWIFT_OPTIMIZATION_LEVEL = "-O";
			};
			name = Release;
		};
		0AF6CE4620DCC7C100A2DBA8 /* Debug */ = {
			isa = XCBuildConfiguration;
			buildSettings = {
				CODE_SIGN_STYLE = Automatic;
				PRODUCT_NAME = "$(TARGET_NAME)";
				SWIFT_VERSION = 4.0;
			};
			name = Debug;
		};
		0AF6CE4720DCC7C100A2DBA8 /* Release */ = {
			isa = XCBuildConfiguration;
			buildSettings = {
				CODE_SIGN_STYLE = Automatic;
				PRODUCT_NAME = "$(TARGET_NAME)";
				SWIFT_VERSION = 4.0;
			};
			name = Release;
		};
		0AF6CE5220DCC92D00A2DBA8 /* Debug */ = {
			isa = XCBuildConfiguration;
			buildSettings = {
				CODE_SIGN_STYLE = Automatic;
				COMBINE_HIDPI_IMAGES = YES;
				INFOPLIST_FILE = TDDByExampleUnitTests/Info.plist;
				LD_RUNPATH_SEARCH_PATHS = (
					"$(inherited)",
					"@executable_path/../Frameworks",
					"@loader_path/../Frameworks",
				);
				PRODUCT_BUNDLE_IDENTIFIER = com.zeekx.TDDByExampleUnitTests;
				PRODUCT_NAME = "$(TARGET_NAME)";
				SWIFT_VERSION = 4.0;
			};
			name = Debug;
		};
		0AF6CE5320DCC92D00A2DBA8 /* Release */ = {
			isa = XCBuildConfiguration;
			buildSettings = {
				CODE_SIGN_STYLE = Automatic;
				COMBINE_HIDPI_IMAGES = YES;
				INFOPLIST_FILE = TDDByExampleUnitTests/Info.plist;
				LD_RUNPATH_SEARCH_PATHS = (
					"$(inherited)",
					"@executable_path/../Frameworks",
					"@loader_path/../Frameworks",
				);
				PRODUCT_BUNDLE_IDENTIFIER = com.zeekx.TDDByExampleUnitTests;
				PRODUCT_NAME = "$(TARGET_NAME)";
				SWIFT_VERSION = 4.0;
			};
			name = Release;
		};
/* End XCBuildConfiguration section */

/* Begin XCConfigurationList section */
		0AF6CE3920DCC7C100A2DBA8 /* Build configuration list for PBXProject "TDDByExample" */ = {
			isa = XCConfigurationList;
			buildConfigurations = (
				0AF6CE4320DCC7C100A2DBA8 /* Debug */,
				0AF6CE4420DCC7C100A2DBA8 /* Release */,
			);
			defaultConfigurationIsVisible = 0;
			defaultConfigurationName = Release;
		};
		0AF6CE4520DCC7C100A2DBA8 /* Build configuration list for PBXNativeTarget "TDDByExample" */ = {
			isa = XCConfigurationList;
			buildConfigurations = (
				0AF6CE4620DCC7C100A2DBA8 /* Debug */,
				0AF6CE4720DCC7C100A2DBA8 /* Release */,
			);
			defaultConfigurationIsVisible = 0;
			defaultConfigurationName = Release;
		};
		0AF6CE5120DCC92D00A2DBA8 /* Build configuration list for PBXNativeTarget "TDDByExampleUnitTests" */ = {
			isa = XCConfigurationList;
			buildConfigurations = (
				0AF6CE5220DCC92D00A2DBA8 /* Debug */,
				0AF6CE5320DCC92D00A2DBA8 /* Release */,
			);
			defaultConfigurationIsVisible = 0;
			defaultConfigurationName = Release;
		};
/* End XCConfigurationList section */
	};
	rootObject = 0AF6CE3620DCC7C100A2DBA8 /* Project object */;
}
